
Microsoft Visual Studio Solution File, Format Version 12.00
# Visual Studio Version 16
VisualStudioVersion = 16.0.32428.217
MinimumVisualStudioVersion = 10.0.40219.1
Project("{9A19103F-16F7-4668-BE54-9A1E7A4F7556}") = "ToDoList", "ToDoList\ToDoList.csproj", "{5CD45383-D9E7-4273-A33B-E08ED4C72DEC}"
EndProject
Project("{9A19103F-16F7-4668-BE54-9A1E7A4F7556}") = "ToDoAPI", "ToDoAPI\ToDoAPI.csproj", "{A86A42BD-51CE-409C-A759-1A9DDC351604}"
EndProject
Global
	GlobalSection(SolutionConfigurationPlatforms) = preSolution
		Debug|Any CPU = Debug|Any CPU
		Release|Any CPU = Release|Any CPU
	EndGlobalSection
	GlobalSection(ProjectConfigurationPlatforms) = postSolution
		{5CD45383-D9E7-4273-A33B-E08ED4C72DEC}.Debug|Any CPU.ActiveCfg = Debug|Any CPU
		{5CD45383-D9E7-4273-A33B-E08ED4C72DEC}.Debug|Any CPU.Build.0 = Debug|Any CPU
		{5CD45383-D9E7-4273-A33B-E08ED4C72DEC}.Release|Any CPU.ActiveCfg = Release|Any CPU
		{5CD45383-D9E7-4273-A33B-E08ED4C72DEC}.Release|Any CPU.Build.0 = Release|Any CPU
		{A86A42BD-51CE-409C-A759-1A9DDC351604}.Debug|Any CPU.ActiveCfg = Debug|Any CPU
		{A86A42BD-51CE-409C-A759-1A9DDC351604}.Debug|Any CPU.Build.0 = Debug|Any CPU
		{A86A42BD-51CE-409C-A759-1A9DDC351604}.Release|Any CPU.ActiveCfg = Release|Any CPU
		{A86A42BD-51CE-409C-A759-1A9DDC351604}.Release|Any CPU.Build.0 = Release|Any CPU
	EndGlobalSection
	GlobalSection(SolutionProperties) = preSolution
		HideSolutionNode = FALSE
	EndGlobalSection
	GlobalSection(ExtensibilityGlobals) = postSolution
		SolutionGuid = {BA1E6F56-BEF3-4579-AEB9-7A70B812578F}
	EndGlobalSection
EndGlobal
